# IF THERE'S A GIT CONFLICT IN THIS FILE, DON'T SOLVE IT MANUALLY!
# INSTEAD EXECUTE `prisma migrate fix`
# Prisma Migrate lockfile v1
# Read more about conflict resolution here: TODO

20200403214300-init
20200404110112-updated-at-decorator
20200410222604-rename-reset-token-expiry
20200410223355-change-token-expiry-type
20200410230955-make-reset-token-hash-unique